
Microsoft Visual Studio Solution File, Format Version 12.00
# Visual Studio Version 16
VisualStudioVersion = 16.0.30309.148
MinimumVisualStudioVersion = 10.0.40219.1
Project("{FAE04EC0-301F-11D3-BF4B-00C04F79EFBC}") = "module-12-rest-api", "module-12-rest-api\module-12-rest-api.csproj", "{A3FADFDC-AE51-4175-BDCE-E5F0019FDDC1}"
EndProject
Global
	GlobalSection(SolutionConfigurationPlatforms) = preSolution
		Debug|Any CPU = Debug|Any CPU
		Release|Any CPU = Release|Any CPU
	EndGlobalSection
	GlobalSection(ProjectConfigurationPlatforms) = postSolution
		{A3FADFDC-AE51-4175-BDCE-E5F0019FDDC1}.Debug|Any CPU.ActiveCfg = Debug|Any CPU
		{A3FADFDC-AE51-4175-BDCE-E5F0019FDDC1}.Debug|Any CPU.Build.0 = Debug|Any CPU
		{A3FADFDC-AE51-4175-BDCE-E5F0019FDDC1}.Release|Any CPU.ActiveCfg = Release|Any CPU
		{A3FADFDC-AE51-4175-BDCE-E5F0019FDDC1}.Release|Any CPU.Build.0 = Release|Any CPU
	EndGlobalSection
	GlobalSection(SolutionProperties) = preSolution
		HideSolutionNode = FALSE
	EndGlobalSection
	GlobalSection(ExtensibilityGlobals) = postSolution
		SolutionGuid = {5D18AC60-6E60-4DD3-98A9-A18764057248}
	EndGlobalSection
EndGlobal
